
Microsoft Visual Studio Solution File, Format Version 12.00
# Visual Studio Version 16
VisualStudioVersion = 16.0.31702.278
MinimumVisualStudioVersion = 10.0.40219.1
Project("{8BC9CEB8-8B4A-11D0-8D11-00A0C91BC942}") = "BadCrypto", "BadCrypto.vcxproj", "{AE470CA3-016B-4A3C-95C8-6C3943C4A0BA}"
EndProject
Global
	GlobalSection(SolutionConfigurationPlatforms) = preSolution
		Debug|x64 = Debug|x64
		Debug|x86 = Debug|x86
		Release|x64 = Release|x64
		Release|x86 = Release|x86
	EndGlobalSection
	GlobalSection(ProjectConfigurationPlatforms) = postSolution
		{AE470CA3-016B-4A3C-95C8-6C3943C4A0BA}.Debug|x64.ActiveCfg = Debug|x64
		{AE470CA3-016B-4A3C-95C8-6C3943C4A0BA}.Debug|x64.Build.0 = Debug|x64
		{AE470CA3-016B-4A3C-95C8-6C3943C4A0BA}.Debug|x86.ActiveCfg = Debug|Win32
		{AE470CA3-016B-4A3C-95C8-6C3943C4A0BA}.Debug|x86.Build.0 = Debug|Win32
		{AE470CA3-016B-4A3C-95C8-6C3943C4A0BA}.Release|x64.ActiveCfg = Release|x64
		{AE470CA3-016B-4A3C-95C8-6C3943C4A0BA}.Release|x64.Build.0 = Release|x64
		{AE470CA3-016B-4A3C-95C8-6C3943C4A0BA}.Release|x86.ActiveCfg = Release|Win32
		{AE470CA3-016B-4A3C-95C8-6C3943C4A0BA}.Release|x86.Build.0 = Release|Win32
	EndGlobalSection
	GlobalSection(SolutionProperties) = preSolution
		HideSolutionNode = FALSE
	EndGlobalSection
	GlobalSection(ExtensibilityGlobals) = postSolution
		SolutionGuid = {42831D26-4939-4E34-9384-C4DB2831D964}
	EndGlobalSection
EndGlobal
